
Microsoft Visual Studio Solution File, Format Version 12.00
# Visual Studio 15
VisualStudioVersion = 15.0.28307.168
MinimumVisualStudioVersion = 10.0.40219.1
Project("{FAE04EC0-301F-11D3-BF4B-00C04F79EFBC}") = "MoveNoCopyAdorner", "MoveNoCopyAdorner\MoveNoCopyAdorner.csproj", "{1DD0FEA4-BE0D-49A9-B893-DBE139E89626}"
EndProject
Project("{FAE04EC0-301F-11D3-BF4B-00C04F79EFBC}") = "PrototypeGuiCompositor20", "PrototypeGuiCompositer2.0\PrototypeGuiCompositor20.csproj", "{7772A558-DFC8-4A94-A4DA-899F35A534B9}"
EndProject
Project("{FAE04EC0-301F-11D3-BF4B-00C04F79EFBC}") = "PrototypeGuiCompositor20.Tests", "PrototypeGuiCompositor20.Tests\PrototypeGuiCompositor20.Tests.csproj", "{49770A82-869F-47C5-AE8A-16A914ADFD1C}"
EndProject
Project("{FAE04EC0-301F-11D3-BF4B-00C04F79EFBC}") = "PrototypeGuiCompositor30", "PrototypeGuiCompositor30\PrototypeGuiCompositor30.csproj", "{BC1A0904-4A16-4930-B190-4ADED0D83C87}"
EndProject
Global
	GlobalSection(SolutionConfigurationPlatforms) = preSolution
		Debug|Any CPU = Debug|Any CPU
		Release|Any CPU = Release|Any CPU
	EndGlobalSection
	GlobalSection(ProjectConfigurationPlatforms) = postSolution
		{1DD0FEA4-BE0D-49A9-B893-DBE139E89626}.Debug|Any CPU.ActiveCfg = Debug|Any CPU
		{1DD0FEA4-BE0D-49A9-B893-DBE139E89626}.Debug|Any CPU.Build.0 = Debug|Any CPU
		{1DD0FEA4-BE0D-49A9-B893-DBE139E89626}.Release|Any CPU.ActiveCfg = Release|Any CPU
		{1DD0FEA4-BE0D-49A9-B893-DBE139E89626}.Release|Any CPU.Build.0 = Release|Any CPU
		{7772A558-DFC8-4A94-A4DA-899F35A534B9}.Debug|Any CPU.ActiveCfg = Debug|Any CPU
		{7772A558-DFC8-4A94-A4DA-899F35A534B9}.Debug|Any CPU.Build.0 = Debug|Any CPU
		{7772A558-DFC8-4A94-A4DA-899F35A534B9}.Release|Any CPU.ActiveCfg = Release|Any CPU
		{7772A558-DFC8-4A94-A4DA-899F35A534B9}.Release|Any CPU.Build.0 = Release|Any CPU
		{49770A82-869F-47C5-AE8A-16A914ADFD1C}.Debug|Any CPU.ActiveCfg = Debug|Any CPU
		{49770A82-869F-47C5-AE8A-16A914ADFD1C}.Debug|Any CPU.Build.0 = Debug|Any CPU
		{49770A82-869F-47C5-AE8A-16A914ADFD1C}.Release|Any CPU.ActiveCfg = Release|Any CPU
		{49770A82-869F-47C5-AE8A-16A914ADFD1C}.Release|Any CPU.Build.0 = Release|Any CPU
		{BC1A0904-4A16-4930-B190-4ADED0D83C87}.Debug|Any CPU.ActiveCfg = Debug|Any CPU
		{BC1A0904-4A16-4930-B190-4ADED0D83C87}.Debug|Any CPU.Build.0 = Debug|Any CPU
		{BC1A0904-4A16-4930-B190-4ADED0D83C87}.Release|Any CPU.ActiveCfg = Release|Any CPU
		{BC1A0904-4A16-4930-B190-4ADED0D83C87}.Release|Any CPU.Build.0 = Release|Any CPU
	EndGlobalSection
	GlobalSection(SolutionProperties) = preSolution
		HideSolutionNode = FALSE
	EndGlobalSection
	GlobalSection(ExtensibilityGlobals) = postSolution
		SolutionGuid = {2A55A066-8430-4720-B091-CE6CDE2B1B43}
	EndGlobalSection
EndGlobal
