
Microsoft Visual Studio Solution File, Format Version 12.00
# Visual Studio 15
VisualStudioVersion = 15.0.28307.168
MinimumVisualStudioVersion = 10.0.40219.1
Project("{FAE04EC0-301F-11D3-BF4B-00C04F79EFBC}") = "WpfApp1", "WpfApp1\WpfApp1.csproj", "{ECFF9C0E-0577-467E-A008-6C1F00375130}"
EndProject
Global
	GlobalSection(SolutionConfigurationPlatforms) = preSolution
		Debug|Any CPU = Debug|Any CPU
		Release|Any CPU = Release|Any CPU
	EndGlobalSection
	GlobalSection(ProjectConfigurationPlatforms) = postSolution
		{ECFF9C0E-0577-467E-A008-6C1F00375130}.Debug|Any CPU.ActiveCfg = Debug|Any CPU
		{ECFF9C0E-0577-467E-A008-6C1F00375130}.Debug|Any CPU.Build.0 = Debug|Any CPU
		{ECFF9C0E-0577-467E-A008-6C1F00375130}.Release|Any CPU.ActiveCfg = Release|Any CPU
		{ECFF9C0E-0577-467E-A008-6C1F00375130}.Release|Any CPU.Build.0 = Release|Any CPU
	EndGlobalSection
	GlobalSection(SolutionProperties) = preSolution
		HideSolutionNode = FALSE
	EndGlobalSection
	GlobalSection(ExtensibilityGlobals) = postSolution
		SolutionGuid = {B0A8261F-DD93-4223-BEE0-832664C2A8A8}
	EndGlobalSection
EndGlobal
